
Microsoft Visual Studio Solution File, Format Version 12.00
# Visual Studio Version 17
VisualStudioVersion = 17.0.32002.185
MinimumVisualStudioVersion = 10.0.40219.1
Project("{9A19103F-16F7-4668-BE54-9A1E7A4F7556}") = "Angular Candlestick Chart", "Angular Candlestick Chart.csproj", "{88283856-BF6E-4FF6-A468-D7B90F2FF3BE}"
EndProject
Global
	GlobalSection(SolutionConfigurationPlatforms) = preSolution
		Debug|Any CPU = Debug|Any CPU
		Release|Any CPU = Release|Any CPU
	EndGlobalSection
	GlobalSection(ProjectConfigurationPlatforms) = postSolution
		{88283856-BF6E-4FF6-A468-D7B90F2FF3BE}.Debug|Any CPU.ActiveCfg = Debug|Any CPU
		{88283856-BF6E-4FF6-A468-D7B90F2FF3BE}.Debug|Any CPU.Build.0 = Debug|Any CPU
		{88283856-BF6E-4FF6-A468-D7B90F2FF3BE}.Release|Any CPU.ActiveCfg = Release|Any CPU
		{88283856-BF6E-4FF6-A468-D7B90F2FF3BE}.Release|Any CPU.Build.0 = Release|Any CPU
	EndGlobalSection
	GlobalSection(SolutionProperties) = preSolution
		HideSolutionNode = FALSE
	EndGlobalSection
	GlobalSection(ExtensibilityGlobals) = postSolution
		SolutionGuid = {DD17E418-13B4-44B7-A42B-AAA488A08FBD}
	EndGlobalSection
EndGlobal
